
Microsoft Visual Studio Solution File, Format Version 12.00
# Visual Studio 2013
VisualStudioVersion = 12.0.30723.0
MinimumVisualStudioVersion = 10.0.40219.1
Project("{FAE04EC0-301F-11D3-BF4B-00C04F79EFBC}") = "TechnicalExercise", "TechnicalExercise\TechnicalExercise.csproj", "{CF3528BF-1F2C-4A56-83E0-954CDEE44A25}"
EndProject
Project("{FAE04EC0-301F-11D3-BF4B-00C04F79EFBC}") = "TechnicalExercise.UnitTests", "TechnicalExercise.UnitTests\TechnicalExercise.UnitTests.csproj", "{65B82C04-52A5-461E-8BF9-0A4C954E66B1}"
EndProject
Global
	GlobalSection(SolutionConfigurationPlatforms) = preSolution
		Debug|Any CPU = Debug|Any CPU
		Release|Any CPU = Release|Any CPU
	EndGlobalSection
	GlobalSection(ProjectConfigurationPlatforms) = postSolution
		{CF3528BF-1F2C-4A56-83E0-954CDEE44A25}.Debug|Any CPU.ActiveCfg = Debug|Any CPU
		{CF3528BF-1F2C-4A56-83E0-954CDEE44A25}.Debug|Any CPU.Build.0 = Debug|Any CPU
		{CF3528BF-1F2C-4A56-83E0-954CDEE44A25}.Release|Any CPU.ActiveCfg = Release|Any CPU
		{CF3528BF-1F2C-4A56-83E0-954CDEE44A25}.Release|Any CPU.Build.0 = Release|Any CPU
		{65B82C04-52A5-461E-8BF9-0A4C954E66B1}.Debug|Any CPU.ActiveCfg = Debug|Any CPU
		{65B82C04-52A5-461E-8BF9-0A4C954E66B1}.Debug|Any CPU.Build.0 = Debug|Any CPU
		{65B82C04-52A5-461E-8BF9-0A4C954E66B1}.Release|Any CPU.ActiveCfg = Release|Any CPU
		{65B82C04-52A5-461E-8BF9-0A4C954E66B1}.Release|Any CPU.Build.0 = Release|Any CPU
	EndGlobalSection
	GlobalSection(SolutionProperties) = preSolution
		HideSolutionNode = FALSE
	EndGlobalSection
EndGlobal
